
Microsoft Visual Studio Solution File, Format Version 12.00
# Visual Studio Version 17
VisualStudioVersion = 17.14.36414.22
MinimumVisualStudioVersion = 10.0.40219.1
Project("{2150E333-8FDC-42A3-9474-1A3956D46DE8}") = "Task0", "Task0", "{02EA681E-C7D8-13C7-8484-4AC65E1B71E8}"
EndProject
Project("{FAE04EC0-301F-11D3-BF4B-00C04F79EFBC}") = "Tyuiu.UlukhanovDV.Sprint6.Task0.V21.Lib", "Tyuiu.UlukhanovDV.Sprint6.Task0.V21.Lib\Tyuiu.UlukhanovDV.Sprint6.Task0.V21.Lib.csproj", "{8FE3C153-21C9-4B22-9D92-21800A3F3E9B}"
EndProject
Project("{FAE04EC0-301F-11D3-BF4B-00C04F79EFBC}") = "Tyuiu.UlukhanovDV.Sprint6.Task0.V21.Test", "Tyuiu.UlukhanovDV.Sprint6.Task0.V21.Test\Tyuiu.UlukhanovDV.Sprint6.Task0.V21.Test.csproj", "{FF913D2A-8C35-4980-812C-500D0077B37A}"
EndProject
Project("{FAE04EC0-301F-11D3-BF4B-00C04F79EFBC}") = "Tyuiu.UlukhanovDV.Sprint6.Task0.V21", "Tyuiu.UlukhanovDV.Sprint6.Task0.V21\Tyuiu.UlukhanovDV.Sprint6.Task0.V21.csproj", "{2E1FB327-6D52-4FE2-8FEA-AAB900E62FBE}"
EndProject
Project("{2150E333-8FDC-42A3-9474-1A3956D46DE8}") = "Task1", "Task1", "{42D1FE99-4BCE-40BB-993B-DF70C64CDE6A}"
EndProject
Project("{FAE04EC0-301F-11D3-BF4B-00C04F79EFBC}") = "Tyuiu.UlukhanovDV.Sprint6.Task1.V5.Lib", "Tyuiu.UlukhanovDV.Sprint6.Task1.V5.Lib\Tyuiu.UlukhanovDV.Sprint6.Task1.V5.Lib.csproj", "{815AEC83-C2D1-472D-BB0C-8D6A8258BDC7}"
EndProject
Project("{FAE04EC0-301F-11D3-BF4B-00C04F79EFBC}") = "Tyuiu.UlukhanovDV.Sprint6.Task1.V5.Test", "Tyuiu.UlukhanovDV.Sprint6.Task1.V5.Test\Tyuiu.UlukhanovDV.Sprint6.Task1.V5.Test.csproj", "{44B4A9DD-7713-4DEF-A50D-ECCDFB2F459F}"
EndProject
Project("{FAE04EC0-301F-11D3-BF4B-00C04F79EFBC}") = "Tyuiu.UlukhanovDV.Sprint6.Task1.V5", "Tyuiu.UlukhanovDV.Sprint6.Task1.V5\Tyuiu.UlukhanovDV.Sprint6.Task1.V5.csproj", "{AE419E03-9C1A-4F51-B5F6-434C15817316}"
EndProject
Global
	GlobalSection(SolutionConfigurationPlatforms) = preSolution
		Debug|Any CPU = Debug|Any CPU
		Release|Any CPU = Release|Any CPU
	EndGlobalSection
	GlobalSection(ProjectConfigurationPlatforms) = postSolution
		{8FE3C153-21C9-4B22-9D92-21800A3F3E9B}.Debug|Any CPU.ActiveCfg = Debug|Any CPU
		{8FE3C153-21C9-4B22-9D92-21800A3F3E9B}.Debug|Any CPU.Build.0 = Debug|Any CPU
		{8FE3C153-21C9-4B22-9D92-21800A3F3E9B}.Release|Any CPU.ActiveCfg = Release|Any CPU
		{8FE3C153-21C9-4B22-9D92-21800A3F3E9B}.Release|Any CPU.Build.0 = Release|Any CPU
		{FF913D2A-8C35-4980-812C-500D0077B37A}.Debug|Any CPU.ActiveCfg = Debug|Any CPU
		{FF913D2A-8C35-4980-812C-500D0077B37A}.Debug|Any CPU.Build.0 = Debug|Any CPU
		{FF913D2A-8C35-4980-812C-500D0077B37A}.Release|Any CPU.ActiveCfg = Release|Any CPU
		{FF913D2A-8C35-4980-812C-500D0077B37A}.Release|Any CPU.Build.0 = Release|Any CPU
		{2E1FB327-6D52-4FE2-8FEA-AAB900E62FBE}.Debug|Any CPU.ActiveCfg = Debug|Any CPU
		{2E1FB327-6D52-4FE2-8FEA-AAB900E62FBE}.Debug|Any CPU.Build.0 = Debug|Any CPU
		{2E1FB327-6D52-4FE2-8FEA-AAB900E62FBE}.Release|Any CPU.ActiveCfg = Release|Any CPU
		{2E1FB327-6D52-4FE2-8FEA-AAB900E62FBE}.Release|Any CPU.Build.0 = Release|Any CPU
		{815AEC83-C2D1-472D-BB0C-8D6A8258BDC7}.Debug|Any CPU.ActiveCfg = Debug|Any CPU
		{815AEC83-C2D1-472D-BB0C-8D6A8258BDC7}.Debug|Any CPU.Build.0 = Debug|Any CPU
		{815AEC83-C2D1-472D-BB0C-8D6A8258BDC7}.Release|Any CPU.ActiveCfg = Release|Any CPU
		{815AEC83-C2D1-472D-BB0C-8D6A8258BDC7}.Release|Any CPU.Build.0 = Release|Any CPU
		{44B4A9DD-7713-4DEF-A50D-ECCDFB2F459F}.Debug|Any CPU.ActiveCfg = Debug|Any CPU
		{44B4A9DD-7713-4DEF-A50D-ECCDFB2F459F}.Debug|Any CPU.Build.0 = Debug|Any CPU
		{44B4A9DD-7713-4DEF-A50D-ECCDFB2F459F}.Release|Any CPU.ActiveCfg = Release|Any CPU
		{44B4A9DD-7713-4DEF-A50D-ECCDFB2F459F}.Release|Any CPU.Build.0 = Release|Any CPU
		{AE419E03-9C1A-4F51-B5F6-434C15817316}.Debug|Any CPU.ActiveCfg = Debug|Any CPU
		{AE419E03-9C1A-4F51-B5F6-434C15817316}.Debug|Any CPU.Build.0 = Debug|Any CPU
		{AE419E03-9C1A-4F51-B5F6-434C15817316}.Release|Any CPU.ActiveCfg = Release|Any CPU
		{AE419E03-9C1A-4F51-B5F6-434C15817316}.Release|Any CPU.Build.0 = Release|Any CPU
	EndGlobalSection
	GlobalSection(SolutionProperties) = preSolution
		HideSolutionNode = FALSE
	EndGlobalSection
	GlobalSection(NestedProjects) = preSolution
		{8FE3C153-21C9-4B22-9D92-21800A3F3E9B} = {02EA681E-C7D8-13C7-8484-4AC65E1B71E8}
		{FF913D2A-8C35-4980-812C-500D0077B37A} = {02EA681E-C7D8-13C7-8484-4AC65E1B71E8}
		{2E1FB327-6D52-4FE2-8FEA-AAB900E62FBE} = {02EA681E-C7D8-13C7-8484-4AC65E1B71E8}
		{815AEC83-C2D1-472D-BB0C-8D6A8258BDC7} = {42D1FE99-4BCE-40BB-993B-DF70C64CDE6A}
		{44B4A9DD-7713-4DEF-A50D-ECCDFB2F459F} = {42D1FE99-4BCE-40BB-993B-DF70C64CDE6A}
		{AE419E03-9C1A-4F51-B5F6-434C15817316} = {42D1FE99-4BCE-40BB-993B-DF70C64CDE6A}
	EndGlobalSection
	GlobalSection(ExtensibilityGlobals) = postSolution
		SolutionGuid = {9D31670D-600A-4B43-B6BF-4E678CD66056}
	EndGlobalSection
EndGlobal
